{
  "name": "test-my-packages",
  "version": "1.0.0",
  "lockfileVersion": 3,
  "requires": true,
  "packages": {
    "": {
      "name": "test-my-packages",
      "version": "1.0.0",
      "license": "ISC",
      "dependencies": {
        "luigidate": "^1.0.0"
      }
    },
    "node_modules/luigidate": {
      "version": "1.0.0",
      "resolved": "https://registry.npmjs.org/luigidate/-/luigidate-1.0.0.tgz",
      "integrity": "sha512-0IExff3O9RXJX4tcf7UNJGekoEXDgv+hN48pHpOzDixikhXSuEM7ZPEbgl82z48/m/2xf2r6OkkvEY1JftyUKQ==",
      "license": "MIT"
    }
  }
}
